
Microsoft Visual Studio Solution File, Format Version 12.00
# Visual Studio Version 16
VisualStudioVersion = 16.0.31410.357
MinimumVisualStudioVersion = 10.0.40219.1
Project("{FAE04EC0-301F-11D3-BF4B-00C04F79EFBC}") = "T2010A_WAD", "T2010A_WAD.csproj", "{50D5F928-BD69-41B4-8A52-FFC5ABD00C50}"
EndProject
Global
	GlobalSection(SolutionConfigurationPlatforms) = preSolution
		Debug|Any CPU = Debug|Any CPU
		Release|Any CPU = Release|Any CPU
	EndGlobalSection
	GlobalSection(ProjectConfigurationPlatforms) = postSolution
		{50D5F928-BD69-41B4-8A52-FFC5ABD00C50}.Debug|Any CPU.ActiveCfg = Debug|Any CPU
		{50D5F928-BD69-41B4-8A52-FFC5ABD00C50}.Debug|Any CPU.Build.0 = Debug|Any CPU
		{50D5F928-BD69-41B4-8A52-FFC5ABD00C50}.Release|Any CPU.ActiveCfg = Release|Any CPU
		{50D5F928-BD69-41B4-8A52-FFC5ABD00C50}.Release|Any CPU.Build.0 = Release|Any CPU
	EndGlobalSection
	GlobalSection(SolutionProperties) = preSolution
		HideSolutionNode = FALSE
	EndGlobalSection
	GlobalSection(ExtensibilityGlobals) = postSolution
		SolutionGuid = {385F5546-9231-4523-8D35-B25D4C711739}
	EndGlobalSection
EndGlobal
